
Microsoft Visual Studio Solution File, Format Version 12.00
# Visual Studio 15
VisualStudioVersion = 15.0.28307.421
MinimumVisualStudioVersion = 10.0.40219.1
Project("{FAE04EC0-301F-11D3-BF4B-00C04F79EFBC}") = "hm_04_01", "hm_04\hm_04_01.csproj", "{2391A976-ECE8-4912-B56C-E9898B799C62}"
EndProject
Project("{FAE04EC0-301F-11D3-BF4B-00C04F79EFBC}") = "hm_04_02", "hm_04_02\hm_04_02.csproj", "{78D107FF-6C2F-4CF1-9F7B-2C17C112A89D}"
EndProject
Global
	GlobalSection(SolutionConfigurationPlatforms) = preSolution
		Debug|Any CPU = Debug|Any CPU
		Release|Any CPU = Release|Any CPU
	EndGlobalSection
	GlobalSection(ProjectConfigurationPlatforms) = postSolution
		{2391A976-ECE8-4912-B56C-E9898B799C62}.Debug|Any CPU.ActiveCfg = Debug|Any CPU
		{2391A976-ECE8-4912-B56C-E9898B799C62}.Debug|Any CPU.Build.0 = Debug|Any CPU
		{2391A976-ECE8-4912-B56C-E9898B799C62}.Release|Any CPU.ActiveCfg = Release|Any CPU
		{2391A976-ECE8-4912-B56C-E9898B799C62}.Release|Any CPU.Build.0 = Release|Any CPU
		{78D107FF-6C2F-4CF1-9F7B-2C17C112A89D}.Debug|Any CPU.ActiveCfg = Debug|Any CPU
		{78D107FF-6C2F-4CF1-9F7B-2C17C112A89D}.Debug|Any CPU.Build.0 = Debug|Any CPU
		{78D107FF-6C2F-4CF1-9F7B-2C17C112A89D}.Release|Any CPU.ActiveCfg = Release|Any CPU
		{78D107FF-6C2F-4CF1-9F7B-2C17C112A89D}.Release|Any CPU.Build.0 = Release|Any CPU
	EndGlobalSection
	GlobalSection(SolutionProperties) = preSolution
		HideSolutionNode = FALSE
	EndGlobalSection
	GlobalSection(ExtensibilityGlobals) = postSolution
		SolutionGuid = {4AC42D46-4B58-44E8-8B36-AE98D9AF9BB9}
	EndGlobalSection
EndGlobal
