
Microsoft Visual Studio Solution File, Format Version 12.00
# Visual Studio Version 16
VisualStudioVersion = 16.0.28803.156
MinimumVisualStudioVersion = 10.0.40219.1
Project("{FAE04EC0-301F-11D3-BF4B-00C04F79EFBC}") = "hm_11", "hm_11\hm_11.csproj", "{7305C471-9212-49C7-BFDB-1C091882393B}"
EndProject
Global
	GlobalSection(SolutionConfigurationPlatforms) = preSolution
		Debug|Any CPU = Debug|Any CPU
		Release|Any CPU = Release|Any CPU
	EndGlobalSection
	GlobalSection(ProjectConfigurationPlatforms) = postSolution
		{7305C471-9212-49C7-BFDB-1C091882393B}.Debug|Any CPU.ActiveCfg = Debug|Any CPU
		{7305C471-9212-49C7-BFDB-1C091882393B}.Debug|Any CPU.Build.0 = Debug|Any CPU
		{7305C471-9212-49C7-BFDB-1C091882393B}.Release|Any CPU.ActiveCfg = Release|Any CPU
		{7305C471-9212-49C7-BFDB-1C091882393B}.Release|Any CPU.Build.0 = Release|Any CPU
	EndGlobalSection
	GlobalSection(SolutionProperties) = preSolution
		HideSolutionNode = FALSE
	EndGlobalSection
	GlobalSection(ExtensibilityGlobals) = postSolution
		SolutionGuid = {06A41B86-BF40-4B36-A049-D8CAB1115A71}
	EndGlobalSection
EndGlobal
