
Microsoft Visual Studio Solution File, Format Version 12.00
# Visual Studio 15
VisualStudioVersion = 15.0.28307.421
MinimumVisualStudioVersion = 10.0.40219.1
Project("{FAE04EC0-301F-11D3-BF4B-00C04F79EFBC}") = "Hm_09", "Hm_09.csproj", "{C2E00C29-E347-4EE6-97E0-77E30FEEE125}"
EndProject
Global
	GlobalSection(SolutionConfigurationPlatforms) = preSolution
		Debug|Any CPU = Debug|Any CPU
		Release|Any CPU = Release|Any CPU
	EndGlobalSection
	GlobalSection(ProjectConfigurationPlatforms) = postSolution
		{C2E00C29-E347-4EE6-97E0-77E30FEEE125}.Debug|Any CPU.ActiveCfg = Debug|Any CPU
		{C2E00C29-E347-4EE6-97E0-77E30FEEE125}.Debug|Any CPU.Build.0 = Debug|Any CPU
		{C2E00C29-E347-4EE6-97E0-77E30FEEE125}.Release|Any CPU.ActiveCfg = Release|Any CPU
		{C2E00C29-E347-4EE6-97E0-77E30FEEE125}.Release|Any CPU.Build.0 = Release|Any CPU
	EndGlobalSection
	GlobalSection(SolutionProperties) = preSolution
		HideSolutionNode = FALSE
	EndGlobalSection
	GlobalSection(ExtensibilityGlobals) = postSolution
		SolutionGuid = {B7903516-7424-46B6-A311-948C7D4D3809}
	EndGlobalSection
EndGlobal
