
Microsoft Visual Studio Solution File, Format Version 12.00
# Visual Studio 15
VisualStudioVersion = 15.0.28010.2019
MinimumVisualStudioVersion = 10.0.40219.1
Project("{FAE04EC0-301F-11D3-BF4B-00C04F79EFBC}") = "hm_08", "hm_08\hm_08.csproj", "{A08840A0-C6C4-46FA-80A3-975D3318F211}"
EndProject
Global
	GlobalSection(SolutionConfigurationPlatforms) = preSolution
		Debug|Any CPU = Debug|Any CPU
		Release|Any CPU = Release|Any CPU
	EndGlobalSection
	GlobalSection(ProjectConfigurationPlatforms) = postSolution
		{A08840A0-C6C4-46FA-80A3-975D3318F211}.Debug|Any CPU.ActiveCfg = Debug|Any CPU
		{A08840A0-C6C4-46FA-80A3-975D3318F211}.Debug|Any CPU.Build.0 = Debug|Any CPU
		{A08840A0-C6C4-46FA-80A3-975D3318F211}.Release|Any CPU.ActiveCfg = Release|Any CPU
		{A08840A0-C6C4-46FA-80A3-975D3318F211}.Release|Any CPU.Build.0 = Release|Any CPU
	EndGlobalSection
	GlobalSection(SolutionProperties) = preSolution
		HideSolutionNode = FALSE
	EndGlobalSection
	GlobalSection(ExtensibilityGlobals) = postSolution
		SolutionGuid = {EF529A95-C1DA-4C9F-A7DD-B3366760104D}
	EndGlobalSection
EndGlobal
